# THIS IS AN AUTOGENERATED FILE. DO NOT EDIT THIS FILE DIRECTLY.
# yarn lockfile v1


argparse@^1.0.7:
  version "1.0.10"
  resolved "http://registry.npm.taobao.org/argparse/download/argparse-1.0.10.tgz#bcd6791ea5ae09725e17e5ad988134cd40b3d911"
  integrity sha1-vNZ5HqWuCXJeF+WtmIE0zUCz2RE=
  dependencies:
    sprintf-js "~1.0.2"

axios@^0.18.0:
  version "0.18.0"
  resolved "http://registry.npm.taobao.org/axios/download/axios-0.18.0.tgz#32d53e4851efdc0a11993b6cd000789d70c05102"
  integrity sha1-MtU+SFHv3AoRmTts0AB4nXDAUQI=
  dependencies:
    follow-redirects "^1.3.0"
    is-buffer "^1.1.5"

babel-polyfill@^6.26.0:
  version "6.26.0"
  resolved "http://registry.npm.taobao.org/babel-polyfill/download/babel-polyfill-6.26.0.tgz#379937abc67d7895970adc621f284cd966cf2153"
  integrity sha1-N5k3q8Z9eJWXCtxiHyhM2WbPIVM=
  dependencies:
    babel-runtime "^6.26.0"
    core-js "^2.5.0"
    regenerator-runtime "^0.10.5"

babel-runtime@^6.26.0:
  version "6.26.0"
  resolved "http://registry.npm.taobao.org/babel-runtime/download/babel-runtime-6.26.0.tgz#965c7058668e82b55d7bfe04ff2337bc8b5647fe"
  integrity sha1-llxwWGaOgrVde/4E/yM3vItWR/4=
  dependencies:
    core-js "^2.4.0"
    regenerator-runtime "^0.11.0"

codemirror@^5.33.0, codemirror@^5.42.0:
  version "5.42.0"
  resolved "http://registry.npm.taobao.org/codemirror/download/codemirror-5.42.0.tgz#2d5b640ed009e89dee9ed8a2a778e2a25b65f9eb"
  integrity sha1-LVtkDtAJ6J3untiip3jioltl+es=

core-js@^2.4.0, core-js@^2.5.0:
  version "2.5.7"
  resolved "http://registry.npm.taobao.org/core-js/download/core-js-2.5.7.tgz#f972608ff0cead68b841a16a932d0b183791814e"
  integrity sha1-+XJgj/DOrWi4QaFqky0LGDeRgU4=

debug@=3.1.0:
  version "3.1.0"
  resolved "http://registry.npm.taobao.org/debug/download/debug-3.1.0.tgz#5bb5a0672628b64149566ba16819e61518c67261"
  integrity sha1-W7WgZyYotkFJVmuhaBnmFRjGcmE=
  dependencies:
    ms "2.0.0"

entities@~1.1.1:
  version "1.1.2"
  resolved "http://registry.npm.taobao.org/entities/download/entities-1.1.2.tgz#bdfa735299664dfafd34529ed4f8522a275fea56"
  integrity sha1-vfpzUplmTfr9NFKe1PhSKidf6lY=

"eve@git://github.com/adobe-webplatform/eve.git#eef80ed":
  version "0.4.1"
  resolved "git://github.com/adobe-webplatform/eve.git#eef80ed8d188423c2272746fb8ae5cc8dad84cb1"

follow-redirects@^1.3.0:
  version "1.5.10"
  resolved "http://registry.npm.taobao.org/follow-redirects/download/follow-redirects-1.5.10.tgz#7b7a9f9aea2fdff36786a94ff643ed07f4ff5e2a"
  integrity sha1-e3qfmuov3/NnhqlP9kPtB/T/Xio=
  dependencies:
    debug "=3.1.0"

highlight.js@^9.12.0:
  version "9.13.1"
  resolved "http://registry.npm.taobao.org/highlight.js/download/highlight.js-9.13.1.tgz#054586d53a6863311168488a0f58d6c505ce641e"
  integrity sha1-BUWG1TpoYzERaEiKD1jWxQXOZB4=

is-buffer@^1.1.5:
  version "1.1.6"
  resolved "http://registry.npm.taobao.org/is-buffer/download/is-buffer-1.1.6.tgz#efaa2ea9daa0d7ab2ea13a97b2b8ad51fefbe8be"
  integrity sha1-76ouqdqg16suoTqXsritUf776L4=

jquery@^3.3.1:
  version "3.3.1"
  resolved "http://registry.npm.taobao.org/jquery/download/jquery-3.3.1.tgz#958ce29e81c9790f31be7792df5d4d95fc57fbca"
  integrity sha1-lYzinoHJeQ8xvneS311NlfxX+8o=

linkify-it@^2.0.0:
  version "2.1.0"
  resolved "http://registry.npm.taobao.org/linkify-it/download/linkify-it-2.1.0.tgz#c4caf38a6cd7ac2212ef3c7d2bde30a91561f9db"
  integrity sha1-xMrzimzXrCIS7zx9K94wqRVh+ds=
  dependencies:
    uc.micro "^1.0.1"

markdown-it@^8.4.0:
  version "8.4.2"
  resolved "http://registry.npm.taobao.org/markdown-it/download/markdown-it-8.4.2.tgz#386f98998dc15a37722aa7722084f4020bdd9b54"
  integrity sha1-OG+YmY3BWjdyKqdyIIT0Agvdm1Q=
  dependencies:
    argparse "^1.0.7"
    entities "~1.1.1"
    linkify-it "^2.0.0"
    mdurl "^1.0.1"
    uc.micro "^1.0.5"

mdurl@^1.0.1:
  version "1.0.1"
  resolved "http://registry.npm.taobao.org/mdurl/download/mdurl-1.0.1.tgz#fe85b2ec75a59037f2adfec100fd6c601761152e"
  integrity sha1-/oWy7HWlkDfyrf7BAP1sYBdhFS4=

ms@2.0.0:
  version "2.0.0"
  resolved "http://registry.npm.taobao.org/ms/download/ms-2.0.0.tgz#5608aeadfc00be6c2901df5f9861788de0d597c8"
  integrity sha1-VgiurfwAvmwpAd9fmGF4jeDVl8g=

pako@1.0.3:
  version "1.0.3"
  resolved "http://registry.npm.taobao.org/pako/download/pako-1.0.3.tgz#5f515b0c6722e1982920ae8005eacb0b7ca73ccf"
  integrity sha1-X1FbDGci4ZgpIK6ABerLC3ynPM8=

plantuml-encoder@^1.2.5:
  version "1.2.5"
  resolved "http://registry.npm.taobao.org/plantuml-encoder/download/plantuml-encoder-1.2.5.tgz#6b8e5b9e1a1dbd88b3fd9fb46f734eec7d44b548"
  integrity sha1-a45bnhodvYiz/Z+0b3NO7H1EtUg=
  dependencies:
    pako "1.0.3"
    utf8-bytes "0.0.1"

"raphael@git+https://github.com/nhnent/raphael.git#2.2.0-c":
  version "2.2.0-c"
  resolved "git+https://github.com/nhnent/raphael.git#78a6ed3ec269f33b6457b0ec66f8c3d1f2ed70e0"
  dependencies:
    eve "git://github.com/adobe-webplatform/eve.git#eef80ed"

regenerator-runtime@^0.10.5:
  version "0.10.5"
  resolved "http://registry.npm.taobao.org/regenerator-runtime/download/regenerator-runtime-0.10.5.tgz#336c3efc1220adcedda2c9fab67b5a7955a33658"
  integrity sha1-M2w+/BIgrc7dosn6tntaeVWjNlg=

regenerator-runtime@^0.11.0:
  version "0.11.1"
  resolved "http://registry.npm.taobao.org/regenerator-runtime/download/regenerator-runtime-0.11.1.tgz#be05ad7f9bf7d22e056f9726cee5017fbf19e2e9"
  integrity sha1-vgWtf5v30i4Fb5cmzuUBf78Z4uk=

resize-observer-polyfill@^1.5.0:
  version "1.5.0"
  resolved "http://registry.npm.taobao.org/resize-observer-polyfill/download/resize-observer-polyfill-1.5.0.tgz#660ff1d9712a2382baa2cad450a4716209f9ca69"
  integrity sha1-Zg/x2XEqI4K6osrUUKRxYgn5ymk=

sprintf-js@~1.0.2:
  version "1.0.3"
  resolved "http://registry.npm.taobao.org/sprintf-js/download/sprintf-js-1.0.3.tgz#04e6926f662895354f3dd015203633b857297e2c"
  integrity sha1-BOaSb2YolTVPPdAVIDYzuFcpfiw=

"squire-rte@github:sohee-lee7/Squire#fde64d0bedb524e4495f3121dce518b94ad5852b":
  version "1.8.10"
  resolved "https://codeload.github.com/sohee-lee7/Squire/tar.gz/fde64d0bedb524e4495f3121dce518b94ad5852b"

to-mark@^1.1.2:
  version "1.1.3"
  resolved "http://registry.npm.taobao.org/to-mark/download/to-mark-1.1.3.tgz#d421a170a2dd582025e5090256c7821c6703f346"
  integrity sha1-1CGhcKLdWCAl5QkCVseCHGcD80Y=

tui-chart@^3.0.1:
  version "3.4.1"
  resolved "http://registry.npm.taobao.org/tui-chart/download/tui-chart-3.4.1.tgz#89f058cefcd2537a0b6e70ff8d60c5eb0718e371"
  integrity sha1-ifBYzvzSU3oLbnD/jWDF6wcY43E=
  dependencies:
    babel-polyfill "^6.26.0"
    raphael "https://github.com/nhnent/raphael.git#2.2.0-c"
    tui-code-snippet "^1.4.0"

tui-code-snippet@^1.3.0, tui-code-snippet@^1.4.0:
  version "1.4.0"
  resolved "http://registry.npm.taobao.org/tui-code-snippet/download/tui-code-snippet-1.4.0.tgz#b09bb8e621e382af23024363d5763f9be44412b4"
  integrity sha1-sJu45iHjgq8jAkNj1XY/m+REErQ=

tui-color-picker@^2.2.0:
  version "2.2.0"
  resolved "http://registry.npm.taobao.org/tui-color-picker/download/tui-color-picker-2.2.0.tgz#452b89a25f3f3d9f47dae73c166435dd3539bc4f"
  integrity sha1-RSuJol8/PZ9H2uc8FmQ13TU5vE8=
  dependencies:
    tui-code-snippet "^1.3.0"

tui-editor@^1.2.7:
  version "1.2.7"
  resolved "http://registry.npm.taobao.org/tui-editor/download/tui-editor-1.2.7.tgz#b0de267656e4a57cb721a77eaf03091faf20e4f4"
  integrity sha1-sN4mdlbkpXy3Iad+rwMJH68g5PQ=
  dependencies:
    codemirror "^5.33.0"
    highlight.js "^9.12.0"
    jquery "^3.3.1"
    markdown-it "^8.4.0"
    plantuml-encoder "^1.2.5"
    resize-observer-polyfill "^1.5.0"
    squire-rte "github:sohee-lee7/Squire#fde64d0bedb524e4495f3121dce518b94ad5852b"
    to-mark "^1.1.2"
    tui-chart "^3.0.1"
    tui-code-snippet "^1.4.0"
    tui-color-picker "^2.2.0"

uc.micro@^1.0.1, uc.micro@^1.0.5:
  version "1.0.5"
  resolved "http://registry.npm.taobao.org/uc.micro/download/uc.micro-1.0.5.tgz#0c65f15f815aa08b560a61ce8b4db7ffc3f45376"
  integrity sha1-DGXxX4FaoItWCmHOi023/8P0U3Y=

utf8-bytes@0.0.1:
  version "0.0.1"
  resolved "http://registry.npm.taobao.org/utf8-bytes/download/utf8-bytes-0.0.1.tgz#116b025448c9b500081cdfbf1f4d6c6c37d8837d"
  integrity sha1-EWsCVEjJtQAIHN+/H01sbDfYg30=
